
Microsoft Visual Studio Solution File, Format Version 12.00
# Visual Studio Version 16
VisualStudioVersion = 16.0.28729.10
MinimumVisualStudioVersion = 10.0.40219.1
Project("{FAE04EC0-301F-11D3-BF4B-00C04F79EFBC}") = "Weather", "Weather\Weather.csproj", "{D63E607B-6045-4080-A01E-514A5EA800F1}"
EndProject
Project("{FAE04EC0-301F-11D3-BF4B-00C04F79EFBC}") = "Weather.Tests", "Weather.Tests\Weather.Tests.csproj", "{C49B8463-B983-454C-9EA9-19818D833519}"
EndProject
Global
	GlobalSection(SolutionConfigurationPlatforms) = preSolution
		Debug|Any CPU = Debug|Any CPU
		Release|Any CPU = Release|Any CPU
	EndGlobalSection
	GlobalSection(ProjectConfigurationPlatforms) = postSolution
		{D63E607B-6045-4080-A01E-514A5EA800F1}.Debug|Any CPU.ActiveCfg = Debug|Any CPU
		{D63E607B-6045-4080-A01E-514A5EA800F1}.Debug|Any CPU.Build.0 = Debug|Any CPU
		{D63E607B-6045-4080-A01E-514A5EA800F1}.Release|Any CPU.ActiveCfg = Release|Any CPU
		{D63E607B-6045-4080-A01E-514A5EA800F1}.Release|Any CPU.Build.0 = Release|Any CPU
		{C49B8463-B983-454C-9EA9-19818D833519}.Debug|Any CPU.ActiveCfg = Debug|Any CPU
		{C49B8463-B983-454C-9EA9-19818D833519}.Debug|Any CPU.Build.0 = Debug|Any CPU
		{C49B8463-B983-454C-9EA9-19818D833519}.Release|Any CPU.ActiveCfg = Release|Any CPU
		{C49B8463-B983-454C-9EA9-19818D833519}.Release|Any CPU.Build.0 = Release|Any CPU
	EndGlobalSection
	GlobalSection(SolutionProperties) = preSolution
		HideSolutionNode = FALSE
	EndGlobalSection
	GlobalSection(ExtensibilityGlobals) = postSolution
		SolutionGuid = {8282ED7C-402B-4239-8A31-DBBEB5D8DA55}
	EndGlobalSection
EndGlobal
